
Microsoft Visual Studio Solution File, Format Version 12.00
# Visual Studio Version 17
VisualStudioVersion = 17.1.32319.34
MinimumVisualStudioVersion = 10.0.40219.1
Project("{FAE04EC0-301F-11D3-BF4B-00C04F79EFBC}") = "RentACar", "RentACar\RentACar.csproj", "{FBB96F8D-556C-4BA8-A668-B27BEAFE989A}"
EndProject
Global
	GlobalSection(SolutionConfigurationPlatforms) = preSolution
		Debug|Any CPU = Debug|Any CPU
		Release|Any CPU = Release|Any CPU
	EndGlobalSection
	GlobalSection(ProjectConfigurationPlatforms) = postSolution
		{FBB96F8D-556C-4BA8-A668-B27BEAFE989A}.Debug|Any CPU.ActiveCfg = Debug|Any CPU
		{FBB96F8D-556C-4BA8-A668-B27BEAFE989A}.Debug|Any CPU.Build.0 = Debug|Any CPU
		{FBB96F8D-556C-4BA8-A668-B27BEAFE989A}.Release|Any CPU.ActiveCfg = Release|Any CPU
		{FBB96F8D-556C-4BA8-A668-B27BEAFE989A}.Release|Any CPU.Build.0 = Release|Any CPU
	EndGlobalSection
	GlobalSection(SolutionProperties) = preSolution
		HideSolutionNode = FALSE
	EndGlobalSection
	GlobalSection(ExtensibilityGlobals) = postSolution
		SolutionGuid = {A04DA1D1-686E-4AFF-A989-089411C2BC68}
	EndGlobalSection
EndGlobal
